
Microsoft Visual Studio Solution File, Format Version 12.00
# Visual Studio Version 17
VisualStudioVersion = 17.14.36603.0 d17.14
MinimumVisualStudioVersion = 10.0.40219.1
Project("{FAE04EC0-301F-11D3-BF4B-00C04F79EFBC}") = "Chat-bot", "Chat-bot\Chat-bot.csproj", "{3919282F-56C2-442D-AA57-4FED4BF9BB74}"
EndProject
Global
	GlobalSection(SolutionConfigurationPlatforms) = preSolution
		Debug|Any CPU = Debug|Any CPU
		Release|Any CPU = Release|Any CPU
	EndGlobalSection
	GlobalSection(ProjectConfigurationPlatforms) = postSolution
		{3919282F-56C2-442D-AA57-4FED4BF9BB74}.Debug|Any CPU.ActiveCfg = Debug|Any CPU
		{3919282F-56C2-442D-AA57-4FED4BF9BB74}.Debug|Any CPU.Build.0 = Debug|Any CPU
		{3919282F-56C2-442D-AA57-4FED4BF9BB74}.Release|Any CPU.ActiveCfg = Release|Any CPU
		{3919282F-56C2-442D-AA57-4FED4BF9BB74}.Release|Any CPU.Build.0 = Release|Any CPU
	EndGlobalSection
	GlobalSection(SolutionProperties) = preSolution
		HideSolutionNode = FALSE
	EndGlobalSection
	GlobalSection(ExtensibilityGlobals) = postSolution
		SolutionGuid = {94E42899-D95A-4002-B019-B3E510B4D6C7}
	EndGlobalSection
EndGlobal
